
Microsoft Visual Studio Solution File, Format Version 12.00
# Visual Studio Version 17
VisualStudioVersion = 17.11.35312.102
MinimumVisualStudioVersion = 10.0.40219.1
Project("{9A19103F-16F7-4668-BE54-9A1E7A4F7556}") = "Checkers", "Checkers.csproj", "{F6953258-BBD1-4343-8074-C1B87B8EC905}"
EndProject
Global
	GlobalSection(SolutionConfigurationPlatforms) = preSolution
		Debug|Any CPU = Debug|Any CPU
		Release|Any CPU = Release|Any CPU
	EndGlobalSection
	GlobalSection(ProjectConfigurationPlatforms) = postSolution
		{F6953258-BBD1-4343-8074-C1B87B8EC905}.Debug|Any CPU.ActiveCfg = Debug|Any CPU
		{F6953258-BBD1-4343-8074-C1B87B8EC905}.Debug|Any CPU.Build.0 = Debug|Any CPU
		{F6953258-BBD1-4343-8074-C1B87B8EC905}.Debug|Any CPU.Deploy.0 = Debug|Any CPU
		{F6953258-BBD1-4343-8074-C1B87B8EC905}.Release|Any CPU.ActiveCfg = Release|Any CPU
		{F6953258-BBD1-4343-8074-C1B87B8EC905}.Release|Any CPU.Build.0 = Release|Any CPU
		{F6953258-BBD1-4343-8074-C1B87B8EC905}.Release|Any CPU.Deploy.0 = Release|Any CPU
	EndGlobalSection
	GlobalSection(SolutionProperties) = preSolution
		HideSolutionNode = FALSE
	EndGlobalSection
	GlobalSection(ExtensibilityGlobals) = postSolution
		SolutionGuid = {F641285A-C0B9-44F5-BC95-A20E8E8EC318}
	EndGlobalSection
EndGlobal
